// !$*UTF8*$!
{
	archiveVersion = 1;
	classes = {
	};
	objectVersion = 46;
	objects = {

/* Begin PBXBuildFile section */
		84A53D211C76FA50006CBF39 /* main.m in Sources */ = {isa = PBXBuildFile; fileRef = 84A53D201C76FA50006CBF39 /* main.m */; };
		84A53D241C76FA52006CBF39 /* AppDelegate.m in Sources */ = {isa = PBXBuildFile; fileRef = 84A53D231C76FA52006CBF39 /* AppDelegate.m */; };
		84A53D271C76FA52006CBF39 /* ViewController.m in Sources */ = {isa = PBXBuildFile; fileRef = 84A53D261C76FA52006CBF39 /* ViewController.m */; };
		84A53D2A1C76FA52006CBF39 /* Main.storyboard in Resources */ = {isa = PBXBuildFile; fileRef = 84A53D281C76FA52006CBF39 /* Main.storyboard */; };
		84A53D2C1C76FA52006CBF39 /* Assets.xcassets in Resources */ = {isa = PBXBuildFile; fileRef = 84A53D2B1C76FA52006CBF39 /* Assets.xcassets */; };
		84A53D2F1C76FA52006CBF39 /* LaunchScreen.storyboard in Resources */ = {isa = PBXBuildFile; fileRef = 84A53D2D1C76FA52006CBF39 /* LaunchScreen.storyboard */; };
		84A53D491C770C0A006CBF39 /* NSArray+SCAdditions.m in Sources */ = {isa = PBXBuildFile; fileRef = 84A53D401C770C0A006CBF39 /* NSArray+SCAdditions.m */; };
		84A53D4A1C770C0A006CBF39 /* UIColor+Socialin.m in Sources */ = {isa = PBXBuildFile; fileRef = 84A53D421C770C0A006CBF39 /* UIColor+Socialin.m */; };
		84A53D4C1C770C0A006CBF39 /* SCPagingTabController.m in Sources */ = {isa = PBXBuildFile; fileRef = 84A53D461C770C0A006CBF39 /* SCPagingTabController.m */; };
		84A53D571C771018006CBF39 /* SCTabBar.m in Sources */ = {isa = PBXBuildFile; fileRef = 84A53D561C771018006CBF39 /* SCTabBar.m */; };
		84A53D5A1C771CCB006CBF39 /* SCPagingViewController.m in Sources */ = {isa = PBXBuildFile; fileRef = 84A53D591C771CCB006CBF39 /* SCPagingViewController.m */; };
		84A53D5D1C771E2E006CBF39 /* SCWrapperScrollView.m in Sources */ = {isa = PBXBuildFile; fileRef = 84A53D5C1C771E2E006CBF39 /* SCWrapperScrollView.m */; };
		84A53D611C7721D5006CBF39 /* ContentController.m in Sources */ = {isa = PBXBuildFile; fileRef = 84A53D5F1C7721D5006CBF39 /* ContentController.m */; };
		84A53D621C7721D5006CBF39 /* ContentController.xib in Resources */ = {isa = PBXBuildFile; fileRef = 84A53D601C7721D5006CBF39 /* ContentController.xib */; };
		84A53D651C7724EA006CBF39 /* UIViewController+SCAdditions.m in Sources */ = {isa = PBXBuildFile; fileRef = 84A53D641C7724EA006CBF39 /* UIViewController+SCAdditions.m */; };
		84A53D691C772845006CBF39 /* PicsiesCell.m in Sources */ = {isa = PBXBuildFile; fileRef = 84A53D671C772845006CBF39 /* PicsiesCell.m */; };
		84A53D6A1C772845006CBF39 /* PicsiesCell.xib in Resources */ = {isa = PBXBuildFile; fileRef = 84A53D681C772845006CBF39 /* PicsiesCell.xib */; };
		C21EA65A1C76FFB4004587F8 /* FBSDKMessengerShareKit.framework in Frameworks */ = {isa = PBXBuildFile; fileRef = C21EA6591C76FFB4004587F8 /* FBSDKMessengerShareKit.framework */; };
		C21EA65C1C7703CC004587F8 /* FBSDKCoreKit.framework in Frameworks */ = {isa = PBXBuildFile; fileRef = C21EA65B1C7703CC004587F8 /* FBSDKCoreKit.framework */; };
		C21EA6601C776843004587F8 /* Bolts.framework in Frameworks */ = {isa = PBXBuildFile; fileRef = C21EA65F1C776843004587F8 /* Bolts.framework */; };
		C41D13B91C772D6B00FDE821 /* StickersSliderViewController.m in Sources */ = {isa = PBXBuildFile; fileRef = C41D13B81C772D6B00FDE821 /* StickersSliderViewController.m */; };
		C41D13BE1C772DB400FDE821 /* iCarousel.m in Sources */ = {isa = PBXBuildFile; fileRef = C41D13BD1C772DB400FDE821 /* iCarousel.m */; };
/* End PBXBuildFile section */

/* Begin PBXFileReference section */
		84A53D1C1C76FA4F006CBF39 /* Picsies.app */ = {isa = PBXFileReference; explicitFileType = wrapper.application; includeInIndex = 0; path = Picsies.app; sourceTree = BUILT_PRODUCTS_DIR; };
		84A53D201C76FA50006CBF39 /* main.m */ = {isa = PBXFileReference; lastKnownFileType = sourcecode.c.objc; path = main.m; sourceTree = "<group>"; };
		84A53D221C76FA52006CBF39 /* AppDelegate.h */ = {isa = PBXFileReference; lastKnownFileType = sourcecode.c.h; path = AppDelegate.h; sourceTree = "<group>"; };
		84A53D231C76FA52006CBF39 /* AppDelegate.m */ = {isa = PBXFileReference; lastKnownFileType = sourcecode.c.objc; path = AppDelegate.m; sourceTree = "<group>"; };
		84A53D251C76FA52006CBF39 /* ViewController.h */ = {isa = PBXFileReference; lastKnownFileType = sourcecode.c.h; path = ViewController.h; sourceTree = "<group>"; };
		84A53D261C76FA52006CBF39 /* ViewController.m */ = {isa = PBXFileReference; lastKnownFileType = sourcecode.c.objc; path = ViewController.m; sourceTree = "<group>"; };
		84A53D291C76FA52006CBF39 /* Base */ = {isa = PBXFileReference; lastKnownFileType = file.storyboard; name = Base; path = Base.lproj/Main.storyboard; sourceTree = "<group>"; };
		84A53D2B1C76FA52006CBF39 /* Assets.xcassets */ = {isa = PBXFileReference; lastKnownFileType = folder.assetcatalog; path = Assets.xcassets; sourceTree = "<group>"; };
		84A53D2E1C76FA52006CBF39 /* Base */ = {isa = PBXFileReference; lastKnownFileType = file.storyboard; name = Base; path = Base.lproj/LaunchScreen.storyboard; sourceTree = "<group>"; };
		84A53D301C76FA52006CBF39 /* Info.plist */ = {isa = PBXFileReference; lastKnownFileType = text.plist.xml; path = Info.plist; sourceTree = "<group>"; };
		84A53D3F1C770C0A006CBF39 /* NSArray+SCAdditions.h */ = {isa = PBXFileReference; fileEncoding = 4; lastKnownFileType = sourcecode.c.h; path = "NSArray+SCAdditions.h"; sourceTree = "<group>"; };
		84A53D401C770C0A006CBF39 /* NSArray+SCAdditions.m */ = {isa = PBXFileReference; fileEncoding = 4; lastKnownFileType = sourcecode.c.objc; path = "NSArray+SCAdditions.m"; sourceTree = "<group>"; };
		84A53D411C770C0A006CBF39 /* UIColor+Socialin.h */ = {isa = PBXFileReference; fileEncoding = 4; lastKnownFileType = sourcecode.c.h; path = "UIColor+Socialin.h"; sourceTree = "<group>"; };
		84A53D421C770C0A006CBF39 /* UIColor+Socialin.m */ = {isa = PBXFileReference; fileEncoding = 4; lastKnownFileType = sourcecode.c.objc; path = "UIColor+Socialin.m"; sourceTree = "<group>"; };
		84A53D451C770C0A006CBF39 /* SCPagingTabController.h */ = {isa = PBXFileReference; fileEncoding = 4; lastKnownFileType = sourcecode.c.h; path = SCPagingTabController.h; sourceTree = "<group>"; };
		84A53D461C770C0A006CBF39 /* SCPagingTabController.m */ = {isa = PBXFileReference; fileEncoding = 4; lastKnownFileType = sourcecode.c.objc; path = SCPagingTabController.m; sourceTree = "<group>"; };
		84A53D551C771018006CBF39 /* SCTabBar.h */ = {isa = PBXFileReference; fileEncoding = 4; lastKnownFileType = sourcecode.c.h; path = SCTabBar.h; sourceTree = "<group>"; };
		84A53D561C771018006CBF39 /* SCTabBar.m */ = {isa = PBXFileReference; fileEncoding = 4; lastKnownFileType = sourcecode.c.objc; path = SCTabBar.m; sourceTree = "<group>"; };
		84A53D581C771CCB006CBF39 /* SCPagingViewController.h */ = {isa = PBXFileReference; fileEncoding = 4; lastKnownFileType = sourcecode.c.h; path = SCPagingViewController.h; sourceTree = "<group>"; };
		84A53D591C771CCB006CBF39 /* SCPagingViewController.m */ = {isa = PBXFileReference; fileEncoding = 4; lastKnownFileType = sourcecode.c.objc; path = SCPagingViewController.m; sourceTree = "<group>"; };
		84A53D5B1C771E2E006CBF39 /* SCWrapperScrollView.h */ = {isa = PBXFileReference; fileEncoding = 4; lastKnownFileType = sourcecode.c.h; path = SCWrapperScrollView.h; sourceTree = "<group>"; };
		84A53D5C1C771E2E006CBF39 /* SCWrapperScrollView.m */ = {isa = PBXFileReference; fileEncoding = 4; lastKnownFileType = sourcecode.c.objc; path = SCWrapperScrollView.m; sourceTree = "<group>"; };
		84A53D5E1C7721D5006CBF39 /* ContentController.h */ = {isa = PBXFileReference; fileEncoding = 4; lastKnownFileType = sourcecode.c.h; path = ContentController.h; sourceTree = "<group>"; };
		84A53D5F1C7721D5006CBF39 /* ContentController.m */ = {isa = PBXFileReference; fileEncoding = 4; lastKnownFileType = sourcecode.c.objc; path = ContentController.m; sourceTree = "<group>"; };
		84A53D601C7721D5006CBF39 /* ContentController.xib */ = {isa = PBXFileReference; fileEncoding = 4; lastKnownFileType = file.xib; path = ContentController.xib; sourceTree = "<group>"; };
		84A53D631C7724EA006CBF39 /* UIViewController+SCAdditions.h */ = {isa = PBXFileReference; fileEncoding = 4; lastKnownFileType = sourcecode.c.h; path = "UIViewController+SCAdditions.h"; sourceTree = "<group>"; };
		84A53D641C7724EA006CBF39 /* UIViewController+SCAdditions.m */ = {isa = PBXFileReference; fileEncoding = 4; lastKnownFileType = sourcecode.c.objc; path = "UIViewController+SCAdditions.m"; sourceTree = "<group>"; };
		84A53D661C772845006CBF39 /* PicsiesCell.h */ = {isa = PBXFileReference; fileEncoding = 4; lastKnownFileType = sourcecode.c.h; path = PicsiesCell.h; sourceTree = "<group>"; };
		84A53D671C772845006CBF39 /* PicsiesCell.m */ = {isa = PBXFileReference; fileEncoding = 4; lastKnownFileType = sourcecode.c.objc; path = PicsiesCell.m; sourceTree = "<group>"; };
		84A53D681C772845006CBF39 /* PicsiesCell.xib */ = {isa = PBXFileReference; fileEncoding = 4; lastKnownFileType = file.xib; path = PicsiesCell.xib; sourceTree = "<group>"; };
		C21EA6591C76FFB4004587F8 /* FBSDKMessengerShareKit.framework */ = {isa = PBXFileReference; lastKnownFileType = wrapper.framework; name = FBSDKMessengerShareKit.framework; path = Frameworks/FBSDKMessengerShareKit.framework; sourceTree = "<group>"; };
		C21EA65B1C7703CC004587F8 /* FBSDKCoreKit.framework */ = {isa = PBXFileReference; lastKnownFileType = wrapper.framework; name = FBSDKCoreKit.framework; path = Frameworks/FBSDKCoreKit.framework; sourceTree = "<group>"; };
		C21EA65F1C776843004587F8 /* Bolts.framework */ = {isa = PBXFileReference; lastKnownFileType = wrapper.framework; name = Bolts.framework; path = Frameworks/Bolts.framework; sourceTree = "<group>"; };
		C41D13B71C772D6B00FDE821 /* StickersSliderViewController.h */ = {isa = PBXFileReference; fileEncoding = 4; lastKnownFileType = sourcecode.c.h; path = StickersSliderViewController.h; sourceTree = "<group>"; };
		C41D13B81C772D6B00FDE821 /* StickersSliderViewController.m */ = {isa = PBXFileReference; fileEncoding = 4; lastKnownFileType = sourcecode.c.objc; path = StickersSliderViewController.m; sourceTree = "<group>"; };
		C41D13BC1C772DB400FDE821 /* iCarousel.h */ = {isa = PBXFileReference; fileEncoding = 4; lastKnownFileType = sourcecode.c.h; path = iCarousel.h; sourceTree = "<group>"; };
		C41D13BD1C772DB400FDE821 /* iCarousel.m */ = {isa = PBXFileReference; fileEncoding = 4; lastKnownFileType = sourcecode.c.objc; path = iCarousel.m; sourceTree = "<group>"; };
/* End PBXFileReference section */

/* Begin PBXFrameworksBuildPhase section */
		84A53D191C76FA4F006CBF39 /* Frameworks */ = {
			isa = PBXFrameworksBuildPhase;
			buildActionMask = 2147483647;
			files = (
				C21EA6601C776843004587F8 /* Bolts.framework in Frameworks */,
				C21EA65A1C76FFB4004587F8 /* FBSDKMessengerShareKit.framework in Frameworks */,
				C21EA65C1C7703CC004587F8 /* FBSDKCoreKit.framework in Frameworks */,
			);
			runOnlyForDeploymentPostprocessing = 0;
		};
/* End PBXFrameworksBuildPhase section */

/* Begin PBXGroup section */
		84A53D131C76FA4F006CBF39 = {
			isa = PBXGroup;
			children = (
				84A53D1E1C76FA50006CBF39 /* Picsies */,
				84A53D1D1C76FA4F006CBF39 /* Products */,
			);
			sourceTree = "<group>";
		};
		84A53D1D1C76FA4F006CBF39 /* Products */ = {
			isa = PBXGroup;
			children = (
				84A53D1C1C76FA4F006CBF39 /* Picsies.app */,
			);
			name = Products;
			sourceTree = "<group>";
		};
		84A53D1E1C76FA50006CBF39 /* Picsies */ = {
			isa = PBXGroup;
			children = (
				84A53D221C76FA52006CBF39 /* AppDelegate.h */,
				84A53D231C76FA52006CBF39 /* AppDelegate.m */,
				84A53D251C76FA52006CBF39 /* ViewController.h */,
				84A53D261C76FA52006CBF39 /* ViewController.m */,
				C41D13BC1C772DB400FDE821 /* iCarousel.h */,
				C41D13BD1C772DB400FDE821 /* iCarousel.m */,
				C41D13B71C772D6B00FDE821 /* StickersSliderViewController.h */,
				C41D13B81C772D6B00FDE821 /* StickersSliderViewController.m */,
				84A53D5E1C7721D5006CBF39 /* ContentController.h */,
				84A53D5F1C7721D5006CBF39 /* ContentController.m */,
				84A53D601C7721D5006CBF39 /* ContentController.xib */,
				84A53D661C772845006CBF39 /* PicsiesCell.h */,
				84A53D671C772845006CBF39 /* PicsiesCell.m */,
				84A53D681C772845006CBF39 /* PicsiesCell.xib */,
				84A53D281C76FA52006CBF39 /* Main.storyboard */,
				84A53D2B1C76FA52006CBF39 /* Assets.xcassets */,
				84A53D2D1C76FA52006CBF39 /* LaunchScreen.storyboard */,
				84A53D301C76FA52006CBF39 /* Info.plist */,
				84A53D3D1C770C0A006CBF39 /* ThirdParty */,
				C21EA6581C76FF7A004587F8 /* Frameworks */,
				84A53D1F1C76FA50006CBF39 /* Supporting Files */,
			);
			path = Picsies;
			sourceTree = "<group>";
		};
		84A53D1F1C76FA50006CBF39 /* Supporting Files */ = {
			isa = PBXGroup;
			children = (
				84A53D201C76FA50006CBF39 /* main.m */,
			);
			name = "Supporting Files";
			sourceTree = "<group>";
		};
		84A53D3D1C770C0A006CBF39 /* ThirdParty */ = {
			isa = PBXGroup;
			children = (
				84A53D3E1C770C0A006CBF39 /* Category */,
				84A53D631C7724EA006CBF39 /* UIViewController+SCAdditions.h */,
				84A53D641C7724EA006CBF39 /* UIViewController+SCAdditions.m */,
				84A53D451C770C0A006CBF39 /* SCPagingTabController.h */,
				84A53D461C770C0A006CBF39 /* SCPagingTabController.m */,
				84A53D581C771CCB006CBF39 /* SCPagingViewController.h */,
				84A53D591C771CCB006CBF39 /* SCPagingViewController.m */,
				84A53D551C771018006CBF39 /* SCTabBar.h */,
				84A53D561C771018006CBF39 /* SCTabBar.m */,
				84A53D5B1C771E2E006CBF39 /* SCWrapperScrollView.h */,
				84A53D5C1C771E2E006CBF39 /* SCWrapperScrollView.m */,
			);
			path = ThirdParty;
			sourceTree = "<group>";
		};
		84A53D3E1C770C0A006CBF39 /* Category */ = {
			isa = PBXGroup;
			children = (
				84A53D3F1C770C0A006CBF39 /* NSArray+SCAdditions.h */,
				84A53D401C770C0A006CBF39 /* NSArray+SCAdditions.m */,
				84A53D411C770C0A006CBF39 /* UIColor+Socialin.h */,
				84A53D421C770C0A006CBF39 /* UIColor+Socialin.m */,
			);
			path = Category;
			sourceTree = "<group>";
		};
		C21EA6581C76FF7A004587F8 /* Frameworks */ = {
			isa = PBXGroup;
			children = (
				C21EA65F1C776843004587F8 /* Bolts.framework */,
				C21EA65B1C7703CC004587F8 /* FBSDKCoreKit.framework */,
				C21EA6591C76FFB4004587F8 /* FBSDKMessengerShareKit.framework */,
			);
			name = Frameworks;
			sourceTree = "<group>";
		};
/* End PBXGroup section */

/* Begin PBXNativeTarget section */
		84A53D1B1C76FA4F006CBF39 /* Picsies */ = {
			isa = PBXNativeTarget;
			buildConfigurationList = 84A53D331C76FA52006CBF39 /* Build configuration list for PBXNativeTarget "Picsies" */;
			buildPhases = (
				84A53D181C76FA4F006CBF39 /* Sources */,
				84A53D191C76FA4F006CBF39 /* Frameworks */,
				84A53D1A1C76FA4F006CBF39 /* Resources */,
			);
			buildRules = (
			);
			dependencies = (
			);
			name = Picsies;
			productName = Picsies;
			productReference = 84A53D1C1C76FA4F006CBF39 /* Picsies.app */;
			productType = "com.apple.product-type.application";
		};
/* End PBXNativeTarget section */

/* Begin PBXProject section */
		84A53D141C76FA4F006CBF39 /* Project object */ = {
			isa = PBXProject;
			attributes = {
				LastUpgradeCheck = 0720;
				ORGANIZATIONNAME = Picsies;
				TargetAttributes = {
					84A53D1B1C76FA4F006CBF39 = {
						CreatedOnToolsVersion = 7.2;
					};
				};
			};
			buildConfigurationList = 84A53D171C76FA4F006CBF39 /* Build configuration list for PBXProject "Picsies" */;
			compatibilityVersion = "Xcode 3.2";
			developmentRegion = English;
			hasScannedForEncodings = 0;
			knownRegions = (
				en,
				Base,
			);
			mainGroup = 84A53D131C76FA4F006CBF39;
			productRefGroup = 84A53D1D1C76FA4F006CBF39 /* Products */;
			projectDirPath = "";
			projectRoot = "";
			targets = (
				84A53D1B1C76FA4F006CBF39 /* Picsies */,
			);
		};
/* End PBXProject section */

/* Begin PBXResourcesBuildPhase section */
		84A53D1A1C76FA4F006CBF39 /* Resources */ = {
			isa = PBXResourcesBuildPhase;
			buildActionMask = 2147483647;
			files = (
				84A53D2F1C76FA52006CBF39 /* LaunchScreen.storyboard in Resources */,
				84A53D6A1C772845006CBF39 /* PicsiesCell.xib in Resources */,
				84A53D621C7721D5006CBF39 /* ContentController.xib in Resources */,
				84A53D2C1C76FA52006CBF39 /* Assets.xcassets in Resources */,
				84A53D2A1C76FA52006CBF39 /* Main.storyboard in Resources */,
			);
			runOnlyForDeploymentPostprocessing = 0;
		};
/* End PBXResourcesBuildPhase section */

/* Begin PBXSourcesBuildPhase section */
		84A53D181C76FA4F006CBF39 /* Sources */ = {
			isa = PBXSourcesBuildPhase;
			buildActionMask = 2147483647;
			files = (
				84A53D491C770C0A006CBF39 /* NSArray+SCAdditions.m in Sources */,
				84A53D4A1C770C0A006CBF39 /* UIColor+Socialin.m in Sources */,
				84A53D5D1C771E2E006CBF39 /* SCWrapperScrollView.m in Sources */,
				84A53D4C1C770C0A006CBF39 /* SCPagingTabController.m in Sources */,
				84A53D271C76FA52006CBF39 /* ViewController.m in Sources */,
				C41D13BE1C772DB400FDE821 /* iCarousel.m in Sources */,
				84A53D651C7724EA006CBF39 /* UIViewController+SCAdditions.m in Sources */,
				84A53D5A1C771CCB006CBF39 /* SCPagingViewController.m in Sources */,
				84A53D241C76FA52006CBF39 /* AppDelegate.m in Sources */,
				84A53D691C772845006CBF39 /* PicsiesCell.m in Sources */,
				84A53D611C7721D5006CBF39 /* ContentController.m in Sources */,
				84A53D211C76FA50006CBF39 /* main.m in Sources */,
				84A53D571C771018006CBF39 /* SCTabBar.m in Sources */,
				C41D13B91C772D6B00FDE821 /* StickersSliderViewController.m in Sources */,
			);
			runOnlyForDeploymentPostprocessing = 0;
		};
/* End PBXSourcesBuildPhase section */

/* Begin PBXVariantGroup section */
		84A53D281C76FA52006CBF39 /* Main.storyboard */ = {
			isa = PBXVariantGroup;
			children = (
				84A53D291C76FA52006CBF39 /* Base */,
			);
			name = Main.storyboard;
			sourceTree = "<group>";
		};
		84A53D2D1C76FA52006CBF39 /* LaunchScreen.storyboard */ = {
			isa = PBXVariantGroup;
			children = (
				84A53D2E1C76FA52006CBF39 /* Base */,
			);
			name = LaunchScreen.storyboard;
			sourceTree = "<group>";
		};
/* End PBXVariantGroup section */

/* Begin XCBuildConfiguration section */
		84A53D311C76FA52006CBF39 /* Debug */ = {
			isa = XCBuildConfiguration;
			buildSettings = {
				ALWAYS_SEARCH_USER_PATHS = NO;
				CLANG_CXX_LANGUAGE_STANDARD = "gnu++0x";
				CLANG_CXX_LIBRARY = "libc++";
				CLANG_ENABLE_MODULES = YES;
				CLANG_ENABLE_OBJC_ARC = YES;
				CLANG_WARN_BOOL_CONVERSION = YES;
				CLANG_WARN_CONSTANT_CONVERSION = YES;
				CLANG_WARN_DIRECT_OBJC_ISA_USAGE = YES_ERROR;
				CLANG_WARN_EMPTY_BODY = YES;
				CLANG_WARN_ENUM_CONVERSION = YES;
				CLANG_WARN_INT_CONVERSION = YES;
				CLANG_WARN_OBJC_ROOT_CLASS = YES_ERROR;
				CLANG_WARN_UNREACHABLE_CODE = YES;
				CLANG_WARN__DUPLICATE_METHOD_MATCH = YES;
				"CODE_SIGN_IDENTITY[sdk=iphoneos*]" = "iPhone Developer";
				COPY_PHASE_STRIP = NO;
				DEBUG_INFORMATION_FORMAT = dwarf;
				ENABLE_STRICT_OBJC_MSGSEND = YES;
				ENABLE_TESTABILITY = YES;
				GCC_C_LANGUAGE_STANDARD = gnu99;
				GCC_DYNAMIC_NO_PIC = NO;
				GCC_NO_COMMON_BLOCKS = YES;
				GCC_OPTIMIZATION_LEVEL = 0;
				GCC_PREPROCESSOR_DEFINITIONS = (
					"DEBUG=1",
					"$(inherited)",
				);
				GCC_WARN_64_TO_32_BIT_CONVERSION = YES;
				GCC_WARN_ABOUT_RETURN_TYPE = YES_ERROR;
				GCC_WARN_UNDECLARED_SELECTOR = YES;
				GCC_WARN_UNINITIALIZED_AUTOS = YES_AGGRESSIVE;
				GCC_WARN_UNUSED_FUNCTION = YES;
				GCC_WARN_UNUSED_VARIABLE = YES;
				IPHONEOS_DEPLOYMENT_TARGET = 9.2;
				MTL_ENABLE_DEBUG_INFO = YES;
				ONLY_ACTIVE_ARCH = YES;
				SDKROOT = iphoneos;
			};
			name = Debug;
		};
		84A53D321C76FA52006CBF39 /* Release */ = {
			isa = XCBuildConfiguration;
			buildSettings = {
				ALWAYS_SEARCH_USER_PATHS = NO;
				CLANG_CXX_LANGUAGE_STANDARD = "gnu++0x";
				CLANG_CXX_LIBRARY = "libc++";
				CLANG_ENABLE_MODULES = YES;
				CLANG_ENABLE_OBJC_ARC = YES;
				CLANG_WARN_BOOL_CONVERSION = YES;
				CLANG_WARN_CONSTANT_CONVERSION = YES;
				CLANG_WARN_DIRECT_OBJC_ISA_USAGE = YES_ERROR;
				CLANG_WARN_EMPTY_BODY = YES;
				CLANG_WARN_ENUM_CONVERSION = YES;
				CLANG_WARN_INT_CONVERSION = YES;
				CLANG_WARN_OBJC_ROOT_CLASS = YES_ERROR;
				CLANG_WARN_UNREACHABLE_CODE = YES;
				CLANG_WARN__DUPLICATE_METHOD_MATCH = YES;
				"CODE_SIGN_IDENTITY[sdk=iphoneos*]" = "iPhone Developer";
				COPY_PHASE_STRIP = NO;
				DEBUG_INFORMATION_FORMAT = "dwarf-with-dsym";
				ENABLE_NS_ASSERTIONS = NO;
				ENABLE_STRICT_OBJC_MSGSEND = YES;
				GCC_C_LANGUAGE_STANDARD = gnu99;
				GCC_NO_COMMON_BLOCKS = YES;
				GCC_WARN_64_TO_32_BIT_CONVERSION = YES;
				GCC_WARN_ABOUT_RETURN_TYPE = YES_ERROR;
				GCC_WARN_UNDECLARED_SELECTOR = YES;
				GCC_WARN_UNINITIALIZED_AUTOS = YES_AGGRESSIVE;
				GCC_WARN_UNUSED_FUNCTION = YES;
				GCC_WARN_UNUSED_VARIABLE = YES;
				IPHONEOS_DEPLOYMENT_TARGET = 9.2;
				MTL_ENABLE_DEBUG_INFO = NO;
				SDKROOT = iphoneos;
				VALIDATE_PRODUCT = YES;
			};
			name = Release;
		};
		84A53D341C76FA52006CBF39 /* Debug */ = {
			isa = XCBuildConfiguration;
			buildSettings = {
				ASSETCATALOG_COMPILER_APPICON_NAME = AppIcon;
				FRAMEWORK_SEARCH_PATHS = (
					"$(inherited)",
					"$(PROJECT_DIR)/Picsies/Frameworks",
				);
				INFOPLIST_FILE = Picsies/Info.plist;
				IPHONEOS_DEPLOYMENT_TARGET = 8.0;
				LD_RUNPATH_SEARCH_PATHS = "$(inherited) @executable_path/Frameworks";
				PRODUCT_BUNDLE_IDENTIFIER = com.picsies.Picsies;
				PRODUCT_NAME = "$(TARGET_NAME)";
				TARGETED_DEVICE_FAMILY = 1;
			};
			name = Debug;
		};
		84A53D351C76FA52006CBF39 /* Release */ = {
			isa = XCBuildConfiguration;
			buildSettings = {
				ASSETCATALOG_COMPILER_APPICON_NAME = AppIcon;
				FRAMEWORK_SEARCH_PATHS = (
					"$(inherited)",
					"$(PROJECT_DIR)/Picsies/Frameworks",
				);
				INFOPLIST_FILE = Picsies/Info.plist;
				IPHONEOS_DEPLOYMENT_TARGET = 8.0;
				LD_RUNPATH_SEARCH_PATHS = "$(inherited) @executable_path/Frameworks";
				PRODUCT_BUNDLE_IDENTIFIER = com.picsies.Picsies;
				PRODUCT_NAME = "$(TARGET_NAME)";
				TARGETED_DEVICE_FAMILY = 1;
			};
			name = Release;
		};
/* End XCBuildConfiguration section */

/* Begin XCConfigurationList section */
		84A53D171C76FA4F006CBF39 /* Build configuration list for PBXProject "Picsies" */ = {
			isa = XCConfigurationList;
			buildConfigurations = (
				84A53D311C76FA52006CBF39 /* Debug */,
				84A53D321C76FA52006CBF39 /* Release */,
			);
			defaultConfigurationIsVisible = 0;
			defaultConfigurationName = Release;
		};
		84A53D331C76FA52006CBF39 /* Build configuration list for PBXNativeTarget "Picsies" */ = {
			isa = XCConfigurationList;
			buildConfigurations = (
				84A53D341C76FA52006CBF39 /* Debug */,
				84A53D351C76FA52006CBF39 /* Release */,
			);
			defaultConfigurationIsVisible = 0;
			defaultConfigurationName = Release;
		};
/* End XCConfigurationList section */
	};
	rootObject = 84A53D141C76FA4F006CBF39 /* Project object */;
}
